
Microsoft Visual Studio Solution File, Format Version 12.00
# Visual Studio Version 17
VisualStudioVersion = 17.0.31903.59
MinimumVisualStudioVersion = 10.0.40219.1
Project("{FAE04EC0-301F-11D3-BF4B-00C04F79EFBC}") = "MovieTheater.API", "MovieTheater.API\MovieTheater.API.csproj", "{238B16AE-B7FD-439F-8237-11683C006F92}"
EndProject
Project("{FAE04EC0-301F-11D3-BF4B-00C04F79EFBC}") = "MovieTheater.Models", "MovieTheater.Models\MovieTheater.Models.csproj", "{9ACC5E8B-F266-482D-971F-039550375232}"
EndProject
Project("{FAE04EC0-301F-11D3-BF4B-00C04F79EFBC}") = "MovieTheater.Data", "MovieTheater.Data\MovieTheater.Data.csproj", "{C478CB22-3656-48A8-8F39-59ADAEA1F5F2}"
EndProject
Project("{FAE04EC0-301F-11D3-BF4B-00C04F79EFBC}") = "MovieTheater.Business", "MovieTheater.Business\MovieTheater.Business.csproj", "{DCC3A337-9486-4D41-B24E-161714D330C4}"
EndProject
Project("{FAE04EC0-301F-11D3-BF4B-00C04F79EFBC}") = "MovieTheater.Core", "MovieTheater.Core\MovieTheater.Core.csproj", "{DFCF91A3-1A82-4989-A573-4B59D3B805F1}"
EndProject
Project("{2150E333-8FDC-42A3-9474-1A3956D46DE8}") = "Appendix", "Appendix", "{ADEC5AA1-6DDE-8C5C-433C-6412976FCAC4}"
	ProjectSection(SolutionItems) = preProject
		MigrationCommand.md = MigrationCommand.md
		PackageCommand.md = PackageCommand.md
		RunCommand.md = RunCommand.md
	EndProjectSection
EndProject
Project("{FAE04EC0-301F-11D3-BF4B-00C04F79EFBC}") = "MovieTheater.WebAPI", "MovieTheater.WebAPI\MovieTheater.WebAPI.csproj", "{69999E7E-1CDC-4E7A-A729-DA89E3C2F0ED}"
EndProject
Global
	GlobalSection(SolutionConfigurationPlatforms) = preSolution
		Debug|Any CPU = Debug|Any CPU
		Release|Any CPU = Release|Any CPU
	EndGlobalSection
	GlobalSection(ProjectConfigurationPlatforms) = postSolution
		{238B16AE-B7FD-439F-8237-11683C006F92}.Debug|Any CPU.ActiveCfg = Debug|Any CPU
		{238B16AE-B7FD-439F-8237-11683C006F92}.Debug|Any CPU.Build.0 = Debug|Any CPU
		{238B16AE-B7FD-439F-8237-11683C006F92}.Release|Any CPU.ActiveCfg = Release|Any CPU
		{238B16AE-B7FD-439F-8237-11683C006F92}.Release|Any CPU.Build.0 = Release|Any CPU
		{9ACC5E8B-F266-482D-971F-039550375232}.Debug|Any CPU.ActiveCfg = Debug|Any CPU
		{9ACC5E8B-F266-482D-971F-039550375232}.Debug|Any CPU.Build.0 = Debug|Any CPU
		{9ACC5E8B-F266-482D-971F-039550375232}.Release|Any CPU.ActiveCfg = Release|Any CPU
		{9ACC5E8B-F266-482D-971F-039550375232}.Release|Any CPU.Build.0 = Release|Any CPU
		{C478CB22-3656-48A8-8F39-59ADAEA1F5F2}.Debug|Any CPU.ActiveCfg = Debug|Any CPU
		{C478CB22-3656-48A8-8F39-59ADAEA1F5F2}.Debug|Any CPU.Build.0 = Debug|Any CPU
		{C478CB22-3656-48A8-8F39-59ADAEA1F5F2}.Release|Any CPU.ActiveCfg = Release|Any CPU
		{C478CB22-3656-48A8-8F39-59ADAEA1F5F2}.Release|Any CPU.Build.0 = Release|Any CPU
		{DCC3A337-9486-4D41-B24E-161714D330C4}.Debug|Any CPU.ActiveCfg = Debug|Any CPU
		{DCC3A337-9486-4D41-B24E-161714D330C4}.Debug|Any CPU.Build.0 = Debug|Any CPU
		{DCC3A337-9486-4D41-B24E-161714D330C4}.Release|Any CPU.ActiveCfg = Release|Any CPU
		{DCC3A337-9486-4D41-B24E-161714D330C4}.Release|Any CPU.Build.0 = Release|Any CPU
		{DFCF91A3-1A82-4989-A573-4B59D3B805F1}.Debug|Any CPU.ActiveCfg = Debug|Any CPU
		{DFCF91A3-1A82-4989-A573-4B59D3B805F1}.Debug|Any CPU.Build.0 = Debug|Any CPU
		{DFCF91A3-1A82-4989-A573-4B59D3B805F1}.Release|Any CPU.ActiveCfg = Release|Any CPU
		{DFCF91A3-1A82-4989-A573-4B59D3B805F1}.Release|Any CPU.Build.0 = Release|Any CPU
		{69999E7E-1CDC-4E7A-A729-DA89E3C2F0ED}.Debug|Any CPU.ActiveCfg = Debug|Any CPU
		{69999E7E-1CDC-4E7A-A729-DA89E3C2F0ED}.Debug|Any CPU.Build.0 = Debug|Any CPU
		{69999E7E-1CDC-4E7A-A729-DA89E3C2F0ED}.Release|Any CPU.ActiveCfg = Release|Any CPU
		{69999E7E-1CDC-4E7A-A729-DA89E3C2F0ED}.Release|Any CPU.Build.0 = Release|Any CPU
	EndGlobalSection
	GlobalSection(SolutionProperties) = preSolution
		HideSolutionNode = FALSE
	EndGlobalSection
EndGlobal
