Microsoft Visual Studio Solution File, Format Version 12.00
# Visual Studio Version 17
VisualStudioVersion = 17.5.2.0
MinimumVisualStudioVersion = 10.0.40219.1
Project("{FAE04EC0-301F-11D3-BF4B-00C04F79EFBC}") = "MovieTheater.WebAPI", "MovieTheater.WebAPI.csproj", "{32C7967E-2F99-DB44-53BE-532CAB446567}"
EndProject
Global
	GlobalSection(SolutionConfigurationPlatforms) = preSolution
		Debug|Any CPU = Debug|Any CPU
		Release|Any CPU = Release|Any CPU
	EndGlobalSection
	GlobalSection(ProjectConfigurationPlatforms) = postSolution
		{32C7967E-2F99-DB44-53BE-532CAB446567}.Debug|Any CPU.ActiveCfg = Debug|Any CPU
		{32C7967E-2F99-DB44-53BE-532CAB446567}.Debug|Any CPU.Build.0 = Debug|Any CPU
		{32C7967E-2F99-DB44-53BE-532CAB446567}.Release|Any CPU.ActiveCfg = Release|Any CPU
		{32C7967E-2F99-DB44-53BE-532CAB446567}.Release|Any CPU.Build.0 = Release|Any CPU
	EndGlobalSection
	GlobalSection(SolutionProperties) = preSolution
		HideSolutionNode = FALSE
	EndGlobalSection
	GlobalSection(ExtensibilityGlobals) = postSolution
		SolutionGuid = {FEF01D17-8A1E-4B57-A59F-B1E91DE6234B}
	EndGlobalSection
EndGlobal
